
Microsoft Visual Studio Solution File, Format Version 12.00
# Visual Studio Version 17
VisualStudioVersion = 17.3.32825.248
MinimumVisualStudioVersion = 10.0.40219.1
Project("{FAE04EC0-301F-11D3-BF4B-00C04F79EFBC}") = "gittest", "gittest.csproj", "{4C47AE19-D9D0-4A14-9745-DF2A520A7EFC}"
EndProject
Global
	GlobalSection(SolutionConfigurationPlatforms) = preSolution
		Debug|Any CPU = Debug|Any CPU
		Release|Any CPU = Release|Any CPU
	EndGlobalSection
	GlobalSection(ProjectConfigurationPlatforms) = postSolution
		{4C47AE19-D9D0-4A14-9745-DF2A520A7EFC}.Debug|Any CPU.ActiveCfg = Debug|Any CPU
		{4C47AE19-D9D0-4A14-9745-DF2A520A7EFC}.Debug|Any CPU.Build.0 = Debug|Any CPU
		{4C47AE19-D9D0-4A14-9745-DF2A520A7EFC}.Release|Any CPU.ActiveCfg = Release|Any CPU
		{4C47AE19-D9D0-4A14-9745-DF2A520A7EFC}.Release|Any CPU.Build.0 = Release|Any CPU
	EndGlobalSection
	GlobalSection(SolutionProperties) = preSolution
		HideSolutionNode = FALSE
	EndGlobalSection
	GlobalSection(ExtensibilityGlobals) = postSolution
		SolutionGuid = {209CE072-ED33-46E1-B51C-446C1EFD267B}
	EndGlobalSection
EndGlobal
